
Microsoft Visual Studio Solution File, Format Version 12.00
# Visual Studio 15
VisualStudioVersion = 15.0.27703.2000
MinimumVisualStudioVersion = 10.0.40219.1
Project("{9A19103F-16F7-4668-BE54-9A1E7A4F7556}") = "Stratis.Patricia", "Stratis.Patricia\Stratis.Patricia.csproj", "{02D2FFDD-45A4-4BA4-BF5F-2B9BBD194856}"
EndProject
Project("{FAE04EC0-301F-11D3-BF4B-00C04F79EFBC}") = "Stratis.Patricia.Tests", "Stratis.Patricia.Tests\Stratis.Patricia.Tests.csproj", "{16E3694A-7581-4241-B806-2942BCEF1688}"
EndProject
Global
	GlobalSection(SolutionConfigurationPlatforms) = preSolution
		Debug|Any CPU = Debug|Any CPU
		Release|Any CPU = Release|Any CPU
	EndGlobalSection
	GlobalSection(ProjectConfigurationPlatforms) = postSolution
		{02D2FFDD-45A4-4BA4-BF5F-2B9BBD194856}.Debug|Any CPU.ActiveCfg = Debug|Any CPU
		{02D2FFDD-45A4-4BA4-BF5F-2B9BBD194856}.Debug|Any CPU.Build.0 = Debug|Any CPU
		{02D2FFDD-45A4-4BA4-BF5F-2B9BBD194856}.Release|Any CPU.ActiveCfg = Release|Any CPU
		{02D2FFDD-45A4-4BA4-BF5F-2B9BBD194856}.Release|Any CPU.Build.0 = Release|Any CPU
		{16E3694A-7581-4241-B806-2942BCEF1688}.Debug|Any CPU.ActiveCfg = Debug|Any CPU
		{16E3694A-7581-4241-B806-2942BCEF1688}.Debug|Any CPU.Build.0 = Debug|Any CPU
		{16E3694A-7581-4241-B806-2942BCEF1688}.Release|Any CPU.ActiveCfg = Release|Any CPU
		{16E3694A-7581-4241-B806-2942BCEF1688}.Release|Any CPU.Build.0 = Release|Any CPU
	EndGlobalSection
	GlobalSection(SolutionProperties) = preSolution
		HideSolutionNode = FALSE
	EndGlobalSection
	GlobalSection(ExtensibilityGlobals) = postSolution
		SolutionGuid = {4DBEAE44-D612-47A6-B1FB-2EF0B43FC388}
	EndGlobalSection
EndGlobal
